// !$*UTF8*$!
{
	archiveVersion = 1;
	classes = {
	};
	objectVersion = 55;
	objects = {

/* Begin PBXBuildFile section */
		5A6002602966D3EE000C74EA /* testFileController.swift in Sources */ = {isa = PBXBuildFile; fileRef = 5A60025F2966D3EE000C74EA /* testFileController.swift */; };
		5AC33CC529647EEF003E0606 /* ClubPrivilegeFramework.docc in Sources */ = {isa = PBXBuildFile; fileRef = 5AC33CC429647EEF003E0606 /* ClubPrivilegeFramework.docc */; };
		5AC33CC629647EEF003E0606 /* ClubPrivilegeFramework.h in Headers */ = {isa = PBXBuildFile; fileRef = 5AC33CC329647EEF003E0606 /* ClubPrivilegeFramework.h */; settings = {ATTRIBUTES = (Public, ); }; };
		80B2B878692D0264375C1233 /* Pods_ClubPrivilegeFramework.framework in Frameworks */ = {isa = PBXBuildFile; fileRef = 035D7E555D853977EDF6FAB1 /* Pods_ClubPrivilegeFramework.framework */; };
/* End PBXBuildFile section */

/* Begin PBXFileReference section */
		035D7E555D853977EDF6FAB1 /* Pods_ClubPrivilegeFramework.framework */ = {isa = PBXFileReference; explicitFileType = wrapper.framework; includeInIndex = 0; path = Pods_ClubPrivilegeFramework.framework; sourceTree = BUILT_PRODUCTS_DIR; };
		35826FB14CC379D7331F5F09 /* Pods-ClubPrivilegeFramework.release.xcconfig */ = {isa = PBXFileReference; includeInIndex = 1; lastKnownFileType = text.xcconfig; name = "Pods-ClubPrivilegeFramework.release.xcconfig"; path = "Target Support Files/Pods-ClubPrivilegeFramework/Pods-ClubPrivilegeFramework.release.xcconfig"; sourceTree = "<group>"; };
		5A60025F2966D3EE000C74EA /* testFileController.swift */ = {isa = PBXFileReference; lastKnownFileType = sourcecode.swift; path = testFileController.swift; sourceTree = "<group>"; };
		5AC33CC029647EEF003E0606 /* ClubPrivilegeFramework.framework */ = {isa = PBXFileReference; explicitFileType = wrapper.framework; includeInIndex = 0; path = ClubPrivilegeFramework.framework; sourceTree = BUILT_PRODUCTS_DIR; };
		5AC33CC329647EEF003E0606 /* ClubPrivilegeFramework.h */ = {isa = PBXFileReference; lastKnownFileType = sourcecode.c.h; path = ClubPrivilegeFramework.h; sourceTree = "<group>"; };
		5AC33CC429647EEF003E0606 /* ClubPrivilegeFramework.docc */ = {isa = PBXFileReference; lastKnownFileType = folder.documentationcatalog; path = ClubPrivilegeFramework.docc; sourceTree = "<group>"; };
		67C6A724CB89E28EA6A6915C /* Pods-ClubPrivilegeFramework.debug.xcconfig */ = {isa = PBXFileReference; includeInIndex = 1; lastKnownFileType = text.xcconfig; name = "Pods-ClubPrivilegeFramework.debug.xcconfig"; path = "Target Support Files/Pods-ClubPrivilegeFramework/Pods-ClubPrivilegeFramework.debug.xcconfig"; sourceTree = "<group>"; };
/* End PBXFileReference section */

/* Begin PBXFrameworksBuildPhase section */
		5AC33CBD29647EEF003E0606 /* Frameworks */ = {
			isa = PBXFrameworksBuildPhase;
			buildActionMask = 2147483647;
			files = (
				80B2B878692D0264375C1233 /* Pods_ClubPrivilegeFramework.framework in Frameworks */,
			);
			runOnlyForDeploymentPostprocessing = 0;
		};
/* End PBXFrameworksBuildPhase section */

/* Begin PBXGroup section */
		16B38812984A098B528BD7DA /* Pods */ = {
			isa = PBXGroup;
			children = (
				67C6A724CB89E28EA6A6915C /* Pods-ClubPrivilegeFramework.debug.xcconfig */,
				35826FB14CC379D7331F5F09 /* Pods-ClubPrivilegeFramework.release.xcconfig */,
			);
			name = Pods;
			path = Pods;
			sourceTree = "<group>";
		};
		5AC33CB629647EEF003E0606 = {
			isa = PBXGroup;
			children = (
				5AC33CC229647EEF003E0606 /* ClubPrivilegeFramework */,
				5AC33CC129647EEF003E0606 /* Products */,
				16B38812984A098B528BD7DA /* Pods */,
				DF8E3043388FA14653F8CB42 /* Frameworks */,
			);
			sourceTree = "<group>";
		};
		5AC33CC129647EEF003E0606 /* Products */ = {
			isa = PBXGroup;
			children = (
				5AC33CC029647EEF003E0606 /* ClubPrivilegeFramework.framework */,
			);
			name = Products;
			sourceTree = "<group>";
		};
		5AC33CC229647EEF003E0606 /* ClubPrivilegeFramework */ = {
			isa = PBXGroup;
			children = (
				5A60025F2966D3EE000C74EA /* testFileController.swift */,
				5AC33CC329647EEF003E0606 /* ClubPrivilegeFramework.h */,
				5AC33CC429647EEF003E0606 /* ClubPrivilegeFramework.docc */,
			);
			path = ClubPrivilegeFramework;
			sourceTree = "<group>";
		};
		DF8E3043388FA14653F8CB42 /* Frameworks */ = {
			isa = PBXGroup;
			children = (
				035D7E555D853977EDF6FAB1 /* Pods_ClubPrivilegeFramework.framework */,
			);
			name = Frameworks;
			sourceTree = "<group>";
		};
/* End PBXGroup section */

/* Begin PBXHeadersBuildPhase section */
		5AC33CBB29647EEF003E0606 /* Headers */ = {
			isa = PBXHeadersBuildPhase;
			buildActionMask = 2147483647;
			files = (
				5AC33CC629647EEF003E0606 /* ClubPrivilegeFramework.h in Headers */,
			);
			runOnlyForDeploymentPostprocessing = 0;
		};
/* End PBXHeadersBuildPhase section */

/* Begin PBXNativeTarget section */
		5AC33CBF29647EEF003E0606 /* ClubPrivilegeFramework */ = {
			isa = PBXNativeTarget;
			buildConfigurationList = 5AC33CC929647EEF003E0606 /* Build configuration list for PBXNativeTarget "ClubPrivilegeFramework" */;
			buildPhases = (
				61D9A9226F1558461CA0ED9B /* [CP] Check Pods Manifest.lock */,
				5AC33CBB29647EEF003E0606 /* Headers */,
				5AC33CBC29647EEF003E0606 /* Sources */,
				5AC33CBD29647EEF003E0606 /* Frameworks */,
				5AC33CBE29647EEF003E0606 /* Resources */,
			);
			buildRules = (
			);
			dependencies = (
			);
			name = ClubPrivilegeFramework;
			productName = ClubPrivilegeFramework;
			productReference = 5AC33CC029647EEF003E0606 /* ClubPrivilegeFramework.framework */;
			productType = "com.apple.product-type.framework";
		};
/* End PBXNativeTarget section */

/* Begin PBXProject section */
		5AC33CB729647EEF003E0606 /* Project object */ = {
			isa = PBXProject;
			attributes = {
				BuildIndependentTargetsInParallel = 1;
				LastUpgradeCheck = 1330;
				TargetAttributes = {
					5AC33CBF29647EEF003E0606 = {
						CreatedOnToolsVersion = 13.3;
					};
				};
			};
			buildConfigurationList = 5AC33CBA29647EEF003E0606 /* Build configuration list for PBXProject "ClubPrivilegeFramework" */;
			compatibilityVersion = "Xcode 13.0";
			developmentRegion = en;
			hasScannedForEncodings = 0;
			knownRegions = (
				en,
				Base,
			);
			mainGroup = 5AC33CB629647EEF003E0606;
			productRefGroup = 5AC33CC129647EEF003E0606 /* Products */;
			projectDirPath = "";
			projectRoot = "";
			targets = (
				5AC33CBF29647EEF003E0606 /* ClubPrivilegeFramework */,
			);
		};
/* End PBXProject section */

/* Begin PBXResourcesBuildPhase section */
		5AC33CBE29647EEF003E0606 /* Resources */ = {
			isa = PBXResourcesBuildPhase;
			buildActionMask = 2147483647;
			files = (
			);
			runOnlyForDeploymentPostprocessing = 0;
		};
/* End PBXResourcesBuildPhase section */

/* Begin PBXShellScriptBuildPhase section */
		61D9A9226F1558461CA0ED9B /* [CP] Check Pods Manifest.lock */ = {
			isa = PBXShellScriptBuildPhase;
			buildActionMask = 2147483647;
			files = (
			);
			inputFileListPaths = (
			);
			inputPaths = (
				"${PODS_PODFILE_DIR_PATH}/Podfile.lock",
				"${PODS_ROOT}/Manifest.lock",
			);
			name = "[CP] Check Pods Manifest.lock";
			outputFileListPaths = (
			);
			outputPaths = (
				"$(DERIVED_FILE_DIR)/Pods-ClubPrivilegeFramework-checkManifestLockResult.txt",
			);
			runOnlyForDeploymentPostprocessing = 0;
			shellPath = /bin/sh;
			shellScript = "diff \"${PODS_PODFILE_DIR_PATH}/Podfile.lock\" \"${PODS_ROOT}/Manifest.lock\" > /dev/null\nif [ $? != 0 ] ; then\n    # print error to STDERR\n    echo \"error: The sandbox is not in sync with the Podfile.lock. Run 'pod install' or update your CocoaPods installation.\" >&2\n    exit 1\nfi\n# This output is used by Xcode 'outputs' to avoid re-running this script phase.\necho \"SUCCESS\" > \"${SCRIPT_OUTPUT_FILE_0}\"\n";
			showEnvVarsInLog = 0;
		};
/* End PBXShellScriptBuildPhase section */

/* Begin PBXSourcesBuildPhase section */
		5AC33CBC29647EEF003E0606 /* Sources */ = {
			isa = PBXSourcesBuildPhase;
			buildActionMask = 2147483647;
			files = (
				5AC33CC529647EEF003E0606 /* ClubPrivilegeFramework.docc in Sources */,
				5A6002602966D3EE000C74EA /* testFileController.swift in Sources */,
			);
			runOnlyForDeploymentPostprocessing = 0;
		};
/* End PBXSourcesBuildPhase section */

/* Begin XCBuildConfiguration section */
		5AC33CC729647EEF003E0606 /* Debug */ = {
			isa = XCBuildConfiguration;
			buildSettings = {
				ALWAYS_SEARCH_USER_PATHS = NO;
				CLANG_ANALYZER_NONNULL = YES;
				CLANG_ANALYZER_NUMBER_OBJECT_CONVERSION = YES_AGGRESSIVE;
				CLANG_CXX_LANGUAGE_STANDARD = "gnu++17";
				CLANG_ENABLE_MODULES = YES;
				CLANG_ENABLE_OBJC_ARC = YES;
				CLANG_ENABLE_OBJC_WEAK = YES;
				CLANG_WARN_BLOCK_CAPTURE_AUTORELEASING = YES;
				CLANG_WARN_BOOL_CONVERSION = YES;
				CLANG_WARN_COMMA = YES;
				CLANG_WARN_CONSTANT_CONVERSION = YES;
				CLANG_WARN_DEPRECATED_OBJC_IMPLEMENTATIONS = YES;
				CLANG_WARN_DIRECT_OBJC_ISA_USAGE = YES_ERROR;
				CLANG_WARN_DOCUMENTATION_COMMENTS = YES;
				CLANG_WARN_EMPTY_BODY = YES;
				CLANG_WARN_ENUM_CONVERSION = YES;
				CLANG_WARN_INFINITE_RECURSION = YES;
				CLANG_WARN_INT_CONVERSION = YES;
				CLANG_WARN_NON_LITERAL_NULL_CONVERSION = YES;
				CLANG_WARN_OBJC_IMPLICIT_RETAIN_SELF = YES;
				CLANG_WARN_OBJC_LITERAL_CONVERSION = YES;
				CLANG_WARN_OBJC_ROOT_CLASS = YES_ERROR;
				CLANG_WARN_QUOTED_INCLUDE_IN_FRAMEWORK_HEADER = YES;
				CLANG_WARN_RANGE_LOOP_ANALYSIS = YES;
				CLANG_WARN_STRICT_PROTOTYPES = YES;
				CLANG_WARN_SUSPICIOUS_MOVE = YES;
				CLANG_WARN_UNGUARDED_AVAILABILITY = YES_AGGRESSIVE;
				CLANG_WARN_UNREACHABLE_CODE = YES;
				CLANG_WARN__DUPLICATE_METHOD_MATCH = YES;
				COPY_PHASE_STRIP = NO;
				CURRENT_PROJECT_VERSION = 1;
				DEBUG_INFORMATION_FORMAT = dwarf;
				ENABLE_STRICT_OBJC_MSGSEND = YES;
				ENABLE_TESTABILITY = YES;
				GCC_C_LANGUAGE_STANDARD = gnu11;
				GCC_DYNAMIC_NO_PIC = NO;
				GCC_NO_COMMON_BLOCKS = YES;
				GCC_OPTIMIZATION_LEVEL = 0;
				GCC_PREPROCESSOR_DEFINITIONS = (
					"DEBUG=1",
					"$(inherited)",
				);
				GCC_WARN_64_TO_32_BIT_CONVERSION = YES;
				GCC_WARN_ABOUT_RETURN_TYPE = YES_ERROR;
				GCC_WARN_UNDECLARED_SELECTOR = YES;
				GCC_WARN_UNINITIALIZED_AUTOS = YES_AGGRESSIVE;
				GCC_WARN_UNUSED_FUNCTION = YES;
				GCC_WARN_UNUSED_VARIABLE = YES;
				IPHONEOS_DEPLOYMENT_TARGET = 15.4;
				MTL_ENABLE_DEBUG_INFO = INCLUDE_SOURCE;
				MTL_FAST_MATH = YES;
				ONLY_ACTIVE_ARCH = YES;
				SDKROOT = iphoneos;
				SWIFT_ACTIVE_COMPILATION_CONDITIONS = DEBUG;
				SWIFT_OPTIMIZATION_LEVEL = "-Onone";
				VERSIONING_SYSTEM = "apple-generic";
				VERSION_INFO_PREFIX = "";
			};
			name = Debug;
		};
		5AC33CC829647EEF003E0606 /* Release */ = {
			isa = XCBuildConfiguration;
			buildSettings = {
				ALWAYS_SEARCH_USER_PATHS = NO;
				CLANG_ANALYZER_NONNULL = YES;
				CLANG_ANALYZER_NUMBER_OBJECT_CONVERSION = YES_AGGRESSIVE;
				CLANG_CXX_LANGUAGE_STANDARD = "gnu++17";
				CLANG_ENABLE_MODULES = YES;
				CLANG_ENABLE_OBJC_ARC = YES;
				CLANG_ENABLE_OBJC_WEAK = YES;
				CLANG_WARN_BLOCK_CAPTURE_AUTORELEASING = YES;
				CLANG_WARN_BOOL_CONVERSION = YES;
				CLANG_WARN_COMMA = YES;
				CLANG_WARN_CONSTANT_CONVERSION = YES;
				CLANG_WARN_DEPRECATED_OBJC_IMPLEMENTATIONS = YES;
				CLANG_WARN_DIRECT_OBJC_ISA_USAGE = YES_ERROR;
				CLANG_WARN_DOCUMENTATION_COMMENTS = YES;
				CLANG_WARN_EMPTY_BODY = YES;
				CLANG_WARN_ENUM_CONVERSION = YES;
				CLANG_WARN_INFINITE_RECURSION = YES;
				CLANG_WARN_INT_CONVERSION = YES;
				CLANG_WARN_NON_LITERAL_NULL_CONVERSION = YES;
				CLANG_WARN_OBJC_IMPLICIT_RETAIN_SELF = YES;
				CLANG_WARN_OBJC_LITERAL_CONVERSION = YES;
				CLANG_WARN_OBJC_ROOT_CLASS = YES_ERROR;
				CLANG_WARN_QUOTED_INCLUDE_IN_FRAMEWORK_HEADER = YES;
				CLANG_WARN_RANGE_LOOP_ANALYSIS = YES;
				CLANG_WARN_STRICT_PROTOTYPES = YES;
				CLANG_WARN_SUSPICIOUS_MOVE = YES;
				CLANG_WARN_UNGUARDED_AVAILABILITY = YES_AGGRESSIVE;
				CLANG_WARN_UNREACHABLE_CODE = YES;
				CLANG_WARN__DUPLICATE_METHOD_MATCH = YES;
				COPY_PHASE_STRIP = NO;
				CURRENT_PROJECT_VERSION = 1;
				DEBUG_INFORMATION_FORMAT = "dwarf-with-dsym";
				ENABLE_NS_ASSERTIONS = NO;
				ENABLE_STRICT_OBJC_MSGSEND = YES;
				GCC_C_LANGUAGE_STANDARD = gnu11;
				GCC_NO_COMMON_BLOCKS = YES;
				GCC_WARN_64_TO_32_BIT_CONVERSION = YES;
				GCC_WARN_ABOUT_RETURN_TYPE = YES_ERROR;
				GCC_WARN_UNDECLARED_SELECTOR = YES;
				GCC_WARN_UNINITIALIZED_AUTOS = YES_AGGRESSIVE;
				GCC_WARN_UNUSED_FUNCTION = YES;
				GCC_WARN_UNUSED_VARIABLE = YES;
				IPHONEOS_DEPLOYMENT_TARGET = 15.4;
				MTL_ENABLE_DEBUG_INFO = NO;
				MTL_FAST_MATH = YES;
				SDKROOT = iphoneos;
				SWIFT_COMPILATION_MODE = wholemodule;
				SWIFT_OPTIMIZATION_LEVEL = "-O";
				VALIDATE_PRODUCT = YES;
				VERSIONING_SYSTEM = "apple-generic";
				VERSION_INFO_PREFIX = "";
			};
			name = Release;
		};
		5AC33CCA29647EEF003E0606 /* Debug */ = {
			isa = XCBuildConfiguration;
			baseConfigurationReference = 67C6A724CB89E28EA6A6915C /* Pods-ClubPrivilegeFramework.debug.xcconfig */;
			buildSettings = {
				CODE_SIGN_STYLE = Automatic;
				CURRENT_PROJECT_VERSION = 1;
				DEFINES_MODULE = YES;
				DEVELOPMENT_TEAM = FNXUK46VCG;
				DYLIB_COMPATIBILITY_VERSION = 1;
				DYLIB_CURRENT_VERSION = 1;
				DYLIB_INSTALL_NAME_BASE = "@rpath";
				GENERATE_INFOPLIST_FILE = YES;
				INFOPLIST_KEY_NSHumanReadableCopyright = "";
				INSTALL_PATH = "$(LOCAL_LIBRARY_DIR)/Frameworks";
				IPHONEOS_DEPLOYMENT_TARGET = 13.0;
				LD_RUNPATH_SEARCH_PATHS = (
					"$(inherited)",
					"@executable_path/Frameworks",
					"@loader_path/Frameworks",
				);
				MARKETING_VERSION = 1.0;
				PRODUCT_BUNDLE_IDENTIFIER = com.medianet.ClubPrivilegeFramework;
				PRODUCT_NAME = "$(TARGET_NAME:c99extidentifier)";
				SKIP_INSTALL = YES;
				SWIFT_EMIT_LOC_STRINGS = YES;
				SWIFT_VERSION = 5.0;
				TARGETED_DEVICE_FAMILY = "1,2";
			};
			name = Debug;
		};
		5AC33CCB29647EEF003E0606 /* Release */ = {
			isa = XCBuildConfiguration;
			baseConfigurationReference = 35826FB14CC379D7331F5F09 /* Pods-ClubPrivilegeFramework.release.xcconfig */;
			buildSettings = {
				CODE_SIGN_STYLE = Automatic;
				CURRENT_PROJECT_VERSION = 1;
				DEFINES_MODULE = YES;
				DEVELOPMENT_TEAM = FNXUK46VCG;
				DYLIB_COMPATIBILITY_VERSION = 1;
				DYLIB_CURRENT_VERSION = 1;
				DYLIB_INSTALL_NAME_BASE = "@rpath";
				GENERATE_INFOPLIST_FILE = YES;
				INFOPLIST_KEY_NSHumanReadableCopyright = "";
				INSTALL_PATH = "$(LOCAL_LIBRARY_DIR)/Frameworks";
				IPHONEOS_DEPLOYMENT_TARGET = 13.0;
				LD_RUNPATH_SEARCH_PATHS = (
					"$(inherited)",
					"@executable_path/Frameworks",
					"@loader_path/Frameworks",
				);
				MARKETING_VERSION = 1.0;
				PRODUCT_BUNDLE_IDENTIFIER = com.medianet.ClubPrivilegeFramework;
				PRODUCT_NAME = "$(TARGET_NAME:c99extidentifier)";
				SKIP_INSTALL = YES;
				SWIFT_EMIT_LOC_STRINGS = YES;
				SWIFT_VERSION = 5.0;
				TARGETED_DEVICE_FAMILY = "1,2";
			};
			name = Release;
		};
/* End XCBuildConfiguration section */

/* Begin XCConfigurationList section */
		5AC33CBA29647EEF003E0606 /* Build configuration list for PBXProject "ClubPrivilegeFramework" */ = {
			isa = XCConfigurationList;
			buildConfigurations = (
				5AC33CC729647EEF003E0606 /* Debug */,
				5AC33CC829647EEF003E0606 /* Release */,
			);
			defaultConfigurationIsVisible = 0;
			defaultConfigurationName = Release;
		};
		5AC33CC929647EEF003E0606 /* Build configuration list for PBXNativeTarget "ClubPrivilegeFramework" */ = {
			isa = XCConfigurationList;
			buildConfigurations = (
				5AC33CCA29647EEF003E0606 /* Debug */,
				5AC33CCB29647EEF003E0606 /* Release */,
			);
			defaultConfigurationIsVisible = 0;
			defaultConfigurationName = Release;
		};
/* End XCConfigurationList section */
	};
	rootObject = 5AC33CB729647EEF003E0606 /* Project object */;
}
